
Microsoft Visual Studio Solution File, Format Version 12.00
# Visual Studio Version 17
VisualStudioVersion = 17.6.33712.159
MinimumVisualStudioVersion = 10.0.40219.1
Project("{FAE04EC0-301F-11D3-BF4B-00C04F79EFBC}") = "Login", "Login.csproj", "{02CE8299-1780-45F3-95C6-1AF14A2EBA30}"
EndProject
Global
	GlobalSection(SolutionConfigurationPlatforms) = preSolution
		Debug|Any CPU = Debug|Any CPU
		Release|Any CPU = Release|Any CPU
	EndGlobalSection
	GlobalSection(ProjectConfigurationPlatforms) = postSolution
		{02CE8299-1780-45F3-95C6-1AF14A2EBA30}.Debug|Any CPU.ActiveCfg = Debug|Any CPU
		{02CE8299-1780-45F3-95C6-1AF14A2EBA30}.Debug|Any CPU.Build.0 = Debug|Any CPU
		{02CE8299-1780-45F3-95C6-1AF14A2EBA30}.Release|Any CPU.ActiveCfg = Release|Any CPU
		{02CE8299-1780-45F3-95C6-1AF14A2EBA30}.Release|Any CPU.Build.0 = Release|Any CPU
	EndGlobalSection
	GlobalSection(SolutionProperties) = preSolution
		HideSolutionNode = FALSE
	EndGlobalSection
	GlobalSection(ExtensibilityGlobals) = postSolution
		SolutionGuid = {921AF9FE-E0E4-41F7-8A0B-993643375730}
	EndGlobalSection
EndGlobal
